
Microsoft Visual Studio Solution File, Format Version 12.00
# Visual Studio 14
VisualStudioVersion = 14.0.25420.1
MinimumVisualStudioVersion = 10.0.40219.1
Project("{FAE04EC0-301F-11D3-BF4B-00C04F79EFBC}") = "CleanMachine.Interfaces", "CleanMachine.Interfaces\CleanMachine.Interfaces.csproj", "{B50895DE-D25C-4C79-A540-E0BDD7060E5E}"
EndProject
Project("{FAE04EC0-301F-11D3-BF4B-00C04F79EFBC}") = "CleanMachine", "CleanMachine\CleanMachine.csproj", "{E31E0C32-63BD-4E0F-94E0-32997096A600}"
EndProject
Project("{FAE04EC0-301F-11D3-BF4B-00C04F79EFBC}") = "CleanMachine.Tests", "CleanMachine.Tests\CleanMachine.Tests.csproj", "{80D738F1-E7BF-4466-A2F5-07F7F8CA59FA}"
EndProject
Project("{FAE04EC0-301F-11D3-BF4B-00C04F79EFBC}") = "CleanMachine.Behavioral", "CleanMachine.Behavioral\CleanMachine.Behavioral.csproj", "{3C62F29A-EDB9-4C1F-88AF-09E43C6AED29}"
EndProject
Global
	GlobalSection(SolutionConfigurationPlatforms) = preSolution
		Debug|Any CPU = Debug|Any CPU
		Release|Any CPU = Release|Any CPU
	EndGlobalSection
	GlobalSection(ProjectConfigurationPlatforms) = postSolution
		{B50895DE-D25C-4C79-A540-E0BDD7060E5E}.Debug|Any CPU.ActiveCfg = Debug|Any CPU
		{B50895DE-D25C-4C79-A540-E0BDD7060E5E}.Debug|Any CPU.Build.0 = Debug|Any CPU
		{B50895DE-D25C-4C79-A540-E0BDD7060E5E}.Release|Any CPU.ActiveCfg = Release|Any CPU
		{B50895DE-D25C-4C79-A540-E0BDD7060E5E}.Release|Any CPU.Build.0 = Release|Any CPU
		{E31E0C32-63BD-4E0F-94E0-32997096A600}.Debug|Any CPU.ActiveCfg = Debug|Any CPU
		{E31E0C32-63BD-4E0F-94E0-32997096A600}.Debug|Any CPU.Build.0 = Debug|Any CPU
		{E31E0C32-63BD-4E0F-94E0-32997096A600}.Release|Any CPU.ActiveCfg = Release|Any CPU
		{E31E0C32-63BD-4E0F-94E0-32997096A600}.Release|Any CPU.Build.0 = Release|Any CPU
		{80D738F1-E7BF-4466-A2F5-07F7F8CA59FA}.Debug|Any CPU.ActiveCfg = Debug|Any CPU
		{80D738F1-E7BF-4466-A2F5-07F7F8CA59FA}.Debug|Any CPU.Build.0 = Debug|Any CPU
		{80D738F1-E7BF-4466-A2F5-07F7F8CA59FA}.Release|Any CPU.ActiveCfg = Release|Any CPU
		{80D738F1-E7BF-4466-A2F5-07F7F8CA59FA}.Release|Any CPU.Build.0 = Release|Any CPU
		{3C62F29A-EDB9-4C1F-88AF-09E43C6AED29}.Debug|Any CPU.ActiveCfg = Debug|Any CPU
		{3C62F29A-EDB9-4C1F-88AF-09E43C6AED29}.Debug|Any CPU.Build.0 = Debug|Any CPU
		{3C62F29A-EDB9-4C1F-88AF-09E43C6AED29}.Release|Any CPU.ActiveCfg = Release|Any CPU
		{3C62F29A-EDB9-4C1F-88AF-09E43C6AED29}.Release|Any CPU.Build.0 = Release|Any CPU
	EndGlobalSection
	GlobalSection(SolutionProperties) = preSolution
		HideSolutionNode = FALSE
	EndGlobalSection
EndGlobal
